// !$*UTF8*$!
{
	archiveVersion = 1;
	classes = {
	};
	objectVersion = 46;
	objects = {

/* Begin PBXBuildFile section */
		53D36609C29DE6CA64D29D8D /* Pods.framework in Frameworks */ = {isa = PBXBuildFile; fileRef = A59E533B1594AB4994B4693D /* Pods.framework */; };
		C21A8B2B1CF462AF00EB487C /* AppDelegate.swift in Sources */ = {isa = PBXBuildFile; fileRef = C21A8B2A1CF462AF00EB487C /* AppDelegate.swift */; };
		C21A8B321CF462AF00EB487C /* Assets.xcassets in Resources */ = {isa = PBXBuildFile; fileRef = C21A8B311CF462AF00EB487C /* Assets.xcassets */; };
		C21A8B351CF462AF00EB487C /* LaunchScreen.storyboard in Resources */ = {isa = PBXBuildFile; fileRef = C21A8B331CF462AF00EB487C /* LaunchScreen.storyboard */; };
		C21A8B401CF462AF00EB487C /* ReduxSwiftQiitaClientTests.swift in Sources */ = {isa = PBXBuildFile; fileRef = C21A8B3F1CF462AF00EB487C /* ReduxSwiftQiitaClientTests.swift */; };
		C21A8B4B1CF462AF00EB487C /* ReduxSwiftQiitaClientUITests.swift in Sources */ = {isa = PBXBuildFile; fileRef = C21A8B4A1CF462AF00EB487C /* ReduxSwiftQiitaClientUITests.swift */; };
		C21A8B5E1CF46C7E00EB487C /* R.generated.swift in Sources */ = {isa = PBXBuildFile; fileRef = C21A8B5D1CF46C7E00EB487C /* R.generated.swift */; };
		C21A8B611CF46EA400EB487C /* ArticleList.storyboard in Resources */ = {isa = PBXBuildFile; fileRef = C21A8B601CF46EA400EB487C /* ArticleList.storyboard */; };
		C21A8B641CF4745D00EB487C /* ArticleListCell.swift in Sources */ = {isa = PBXBuildFile; fileRef = C21A8B631CF4745D00EB487C /* ArticleListCell.swift */; };
		C21A8B671CF4768C00EB487C /* ArticleListTableViewController.swift in Sources */ = {isa = PBXBuildFile; fileRef = C21A8B661CF4768C00EB487C /* ArticleListTableViewController.swift */; };
		C21A8B6B1CF4788C00EB487C /* ArticleModel.swift in Sources */ = {isa = PBXBuildFile; fileRef = C21A8B6A1CF4788C00EB487C /* ArticleModel.swift */; };
		C21A8B6D1CF478F300EB487C /* TagModel.swift in Sources */ = {isa = PBXBuildFile; fileRef = C21A8B6C1CF478F300EB487C /* TagModel.swift */; };
		C21A8B6F1CF4797F00EB487C /* UserModel.swift in Sources */ = {isa = PBXBuildFile; fileRef = C21A8B6E1CF4797F00EB487C /* UserModel.swift */; };
		C21A8B711CF47AB200EB487C /* ArticleListModel.swift in Sources */ = {isa = PBXBuildFile; fileRef = C21A8B701CF47AB200EB487C /* ArticleListModel.swift */; };
		C21A8B741CF47C5700EB487C /* QiitaEndpoint.swift in Sources */ = {isa = PBXBuildFile; fileRef = C21A8B731CF47C5700EB487C /* QiitaEndpoint.swift */; };
		C24C81881CF54A1800924574 /* Secrets.plist in Resources */ = {isa = PBXBuildFile; fileRef = C24C81871CF54A1800924574 /* Secrets.plist */; };
		C24C81A81CF5C38500924574 /* AppState.swift in Sources */ = {isa = PBXBuildFile; fileRef = C24C81A71CF5C38500924574 /* AppState.swift */; };
		C24C81AA1CF5C51400924574 /* HomeState.swift in Sources */ = {isa = PBXBuildFile; fileRef = C24C81A91CF5C51400924574 /* HomeState.swift */; };
		C24C81AD1CF5C5B800924574 /* ArticleVM.swift in Sources */ = {isa = PBXBuildFile; fileRef = C24C81AC1CF5C5B800924574 /* ArticleVM.swift */; };
		C24C81B01CF5CD8B00924574 /* HomeReducer.swift in Sources */ = {isa = PBXBuildFile; fileRef = C24C81AF1CF5CD8B00924574 /* HomeReducer.swift */; };
/* End PBXBuildFile section */

/* Begin PBXContainerItemProxy section */
		C21A8B3C1CF462AF00EB487C /* PBXContainerItemProxy */ = {
			isa = PBXContainerItemProxy;
			containerPortal = C21A8B1F1CF462AF00EB487C /* Project object */;
			proxyType = 1;
			remoteGlobalIDString = C21A8B261CF462AF00EB487C;
			remoteInfo = ReduxSwiftQiitaClient;
		};
		C21A8B471CF462AF00EB487C /* PBXContainerItemProxy */ = {
			isa = PBXContainerItemProxy;
			containerPortal = C21A8B1F1CF462AF00EB487C /* Project object */;
			proxyType = 1;
			remoteGlobalIDString = C21A8B261CF462AF00EB487C;
			remoteInfo = ReduxSwiftQiitaClient;
		};
/* End PBXContainerItemProxy section */

/* Begin PBXFileReference section */
		3BA36762FB2E4CBBE9ED51A5 /* Pods.release.xcconfig */ = {isa = PBXFileReference; includeInIndex = 1; lastKnownFileType = text.xcconfig; name = Pods.release.xcconfig; path = "Pods/Target Support Files/Pods/Pods.release.xcconfig"; sourceTree = "<group>"; };
		6BD54AEBE8A2F0F45AFDFD8A /* Pods.debug.xcconfig */ = {isa = PBXFileReference; includeInIndex = 1; lastKnownFileType = text.xcconfig; name = Pods.debug.xcconfig; path = "Pods/Target Support Files/Pods/Pods.debug.xcconfig"; sourceTree = "<group>"; };
		A59E533B1594AB4994B4693D /* Pods.framework */ = {isa = PBXFileReference; explicitFileType = wrapper.framework; includeInIndex = 0; path = Pods.framework; sourceTree = BUILT_PRODUCTS_DIR; };
		C21A8B271CF462AF00EB487C /* ReduxSwiftQiitaClient.app */ = {isa = PBXFileReference; explicitFileType = wrapper.application; includeInIndex = 0; path = ReduxSwiftQiitaClient.app; sourceTree = BUILT_PRODUCTS_DIR; };
		C21A8B2A1CF462AF00EB487C /* AppDelegate.swift */ = {isa = PBXFileReference; lastKnownFileType = sourcecode.swift; path = AppDelegate.swift; sourceTree = "<group>"; };
		C21A8B311CF462AF00EB487C /* Assets.xcassets */ = {isa = PBXFileReference; lastKnownFileType = folder.assetcatalog; path = Assets.xcassets; sourceTree = "<group>"; };
		C21A8B341CF462AF00EB487C /* Base */ = {isa = PBXFileReference; lastKnownFileType = file.storyboard; name = Base; path = Base.lproj/LaunchScreen.storyboard; sourceTree = "<group>"; };
		C21A8B361CF462AF00EB487C /* Info.plist */ = {isa = PBXFileReference; lastKnownFileType = text.plist.xml; path = Info.plist; sourceTree = "<group>"; };
		C21A8B3B1CF462AF00EB487C /* ReduxSwiftQiitaClientTests.xctest */ = {isa = PBXFileReference; explicitFileType = wrapper.cfbundle; includeInIndex = 0; path = ReduxSwiftQiitaClientTests.xctest; sourceTree = BUILT_PRODUCTS_DIR; };
		C21A8B3F1CF462AF00EB487C /* ReduxSwiftQiitaClientTests.swift */ = {isa = PBXFileReference; lastKnownFileType = sourcecode.swift; path = ReduxSwiftQiitaClientTests.swift; sourceTree = "<group>"; };
		C21A8B411CF462AF00EB487C /* Info.plist */ = {isa = PBXFileReference; lastKnownFileType = text.plist.xml; path = Info.plist; sourceTree = "<group>"; };
		C21A8B461CF462AF00EB487C /* ReduxSwiftQiitaClientUITests.xctest */ = {isa = PBXFileReference; explicitFileType = wrapper.cfbundle; includeInIndex = 0; path = ReduxSwiftQiitaClientUITests.xctest; sourceTree = BUILT_PRODUCTS_DIR; };
		C21A8B4A1CF462AF00EB487C /* ReduxSwiftQiitaClientUITests.swift */ = {isa = PBXFileReference; lastKnownFileType = sourcecode.swift; path = ReduxSwiftQiitaClientUITests.swift; sourceTree = "<group>"; };
		C21A8B4C1CF462AF00EB487C /* Info.plist */ = {isa = PBXFileReference; lastKnownFileType = text.plist.xml; path = Info.plist; sourceTree = "<group>"; };
		C21A8B5D1CF46C7E00EB487C /* R.generated.swift */ = {isa = PBXFileReference; fileEncoding = 4; lastKnownFileType = sourcecode.swift; path = R.generated.swift; sourceTree = SOURCE_ROOT; };
		C21A8B601CF46EA400EB487C /* ArticleList.storyboard */ = {isa = PBXFileReference; fileEncoding = 4; lastKnownFileType = file.storyboard; path = ArticleList.storyboard; sourceTree = "<group>"; };
		C21A8B631CF4745D00EB487C /* ArticleListCell.swift */ = {isa = PBXFileReference; fileEncoding = 4; lastKnownFileType = sourcecode.swift; path = ArticleListCell.swift; sourceTree = "<group>"; };
		C21A8B661CF4768C00EB487C /* ArticleListTableViewController.swift */ = {isa = PBXFileReference; fileEncoding = 4; lastKnownFileType = sourcecode.swift; path = ArticleListTableViewController.swift; sourceTree = "<group>"; };
		C21A8B6A1CF4788C00EB487C /* ArticleModel.swift */ = {isa = PBXFileReference; fileEncoding = 4; lastKnownFileType = sourcecode.swift; path = ArticleModel.swift; sourceTree = "<group>"; };
		C21A8B6C1CF478F300EB487C /* TagModel.swift */ = {isa = PBXFileReference; fileEncoding = 4; lastKnownFileType = sourcecode.swift; path = TagModel.swift; sourceTree = "<group>"; };
		C21A8B6E1CF4797F00EB487C /* UserModel.swift */ = {isa = PBXFileReference; fileEncoding = 4; lastKnownFileType = sourcecode.swift; path = UserModel.swift; sourceTree = "<group>"; };
		C21A8B701CF47AB200EB487C /* ArticleListModel.swift */ = {isa = PBXFileReference; fileEncoding = 4; lastKnownFileType = sourcecode.swift; path = ArticleListModel.swift; sourceTree = "<group>"; };
		C21A8B731CF47C5700EB487C /* QiitaEndpoint.swift */ = {isa = PBXFileReference; fileEncoding = 4; lastKnownFileType = sourcecode.swift; path = QiitaEndpoint.swift; sourceTree = "<group>"; };
		C24C81871CF54A1800924574 /* Secrets.plist */ = {isa = PBXFileReference; fileEncoding = 4; lastKnownFileType = text.plist.xml; path = Secrets.plist; sourceTree = "<group>"; };
		C24C81A71CF5C38500924574 /* AppState.swift */ = {isa = PBXFileReference; fileEncoding = 4; lastKnownFileType = sourcecode.swift; path = AppState.swift; sourceTree = "<group>"; };
		C24C81A91CF5C51400924574 /* HomeState.swift */ = {isa = PBXFileReference; fileEncoding = 4; lastKnownFileType = sourcecode.swift; path = HomeState.swift; sourceTree = "<group>"; };
		C24C81AC1CF5C5B800924574 /* ArticleVM.swift */ = {isa = PBXFileReference; fileEncoding = 4; lastKnownFileType = sourcecode.swift; path = ArticleVM.swift; sourceTree = "<group>"; };
		C24C81AF1CF5CD8B00924574 /* HomeReducer.swift */ = {isa = PBXFileReference; fileEncoding = 4; lastKnownFileType = sourcecode.swift; path = HomeReducer.swift; sourceTree = "<group>"; };
/* End PBXFileReference section */

/* Begin PBXFrameworksBuildPhase section */
		C21A8B241CF462AF00EB487C /* Frameworks */ = {
			isa = PBXFrameworksBuildPhase;
			buildActionMask = 2147483647;
			files = (
				53D36609C29DE6CA64D29D8D /* Pods.framework in Frameworks */,
			);
			runOnlyForDeploymentPostprocessing = 0;
		};
		C21A8B381CF462AF00EB487C /* Frameworks */ = {
			isa = PBXFrameworksBuildPhase;
			buildActionMask = 2147483647;
			files = (
			);
			runOnlyForDeploymentPostprocessing = 0;
		};
		C21A8B431CF462AF00EB487C /* Frameworks */ = {
			isa = PBXFrameworksBuildPhase;
			buildActionMask = 2147483647;
			files = (
			);
			runOnlyForDeploymentPostprocessing = 0;
		};
/* End PBXFrameworksBuildPhase section */

/* Begin PBXGroup section */
		5F9423C796E74EE54364D6B3 /* Pods */ = {
			isa = PBXGroup;
			children = (
				6BD54AEBE8A2F0F45AFDFD8A /* Pods.debug.xcconfig */,
				3BA36762FB2E4CBBE9ED51A5 /* Pods.release.xcconfig */,
			);
			name = Pods;
			sourceTree = "<group>";
		};
		C21A8B1E1CF462AF00EB487C = {
			isa = PBXGroup;
			children = (
				C21A8B291CF462AF00EB487C /* ReduxSwiftQiitaClient */,
				C21A8B3E1CF462AF00EB487C /* ReduxSwiftQiitaClientTests */,
				C21A8B491CF462AF00EB487C /* ReduxSwiftQiitaClientUITests */,
				C21A8B281CF462AF00EB487C /* Products */,
				5F9423C796E74EE54364D6B3 /* Pods */,
				D52DB9078718A0F4ABB4817E /* Frameworks */,
			);
			sourceTree = "<group>";
		};
		C21A8B281CF462AF00EB487C /* Products */ = {
			isa = PBXGroup;
			children = (
				C21A8B271CF462AF00EB487C /* ReduxSwiftQiitaClient.app */,
				C21A8B3B1CF462AF00EB487C /* ReduxSwiftQiitaClientTests.xctest */,
				C21A8B461CF462AF00EB487C /* ReduxSwiftQiitaClientUITests.xctest */,
			);
			name = Products;
			sourceTree = "<group>";
		};
		C21A8B291CF462AF00EB487C /* ReduxSwiftQiitaClient */ = {
			isa = PBXGroup;
			children = (
				C24C81AE1CF5CD5800924574 /* Reducer */,
				C24C81A61CF5C36800924574 /* State */,
				C24C81841CF5475D00924574 /* Resource */,
				C21A8B681CF4771900EB487C /* Model */,
				C21A8B5A1CF46C2800EB487C /* R */,
				C21A8B581CF46A2F00EB487C /* View */,
				C21A8B2A1CF462AF00EB487C /* AppDelegate.swift */,
				C21A8B311CF462AF00EB487C /* Assets.xcassets */,
				C21A8B331CF462AF00EB487C /* LaunchScreen.storyboard */,
				C21A8B361CF462AF00EB487C /* Info.plist */,
			);
			path = ReduxSwiftQiitaClient;
			sourceTree = "<group>";
		};
		C21A8B3E1CF462AF00EB487C /* ReduxSwiftQiitaClientTests */ = {
			isa = PBXGroup;
			children = (
				C21A8B3F1CF462AF00EB487C /* ReduxSwiftQiitaClientTests.swift */,
				C21A8B411CF462AF00EB487C /* Info.plist */,
			);
			path = ReduxSwiftQiitaClientTests;
			sourceTree = "<group>";
		};
		C21A8B491CF462AF00EB487C /* ReduxSwiftQiitaClientUITests */ = {
			isa = PBXGroup;
			children = (
				C21A8B4A1CF462AF00EB487C /* ReduxSwiftQiitaClientUITests.swift */,
				C21A8B4C1CF462AF00EB487C /* Info.plist */,
			);
			path = ReduxSwiftQiitaClientUITests;
			sourceTree = "<group>";
		};
		C21A8B581CF46A2F00EB487C /* View */ = {
			isa = PBXGroup;
			children = (
				C21A8B651CF4751B00EB487C /* ViewControllers */,
				C21A8B621CF473C900EB487C /* TableViewCells */,
				C21A8B5F1CF46E2C00EB487C /* Storyboards */,
			);
			path = View;
			sourceTree = "<group>";
		};
		C21A8B5A1CF46C2800EB487C /* R */ = {
			isa = PBXGroup;
			children = (
				C21A8B5D1CF46C7E00EB487C /* R.generated.swift */,
			);
			path = R;
			sourceTree = "<group>";
		};
		C21A8B5F1CF46E2C00EB487C /* Storyboards */ = {
			isa = PBXGroup;
			children = (
				C21A8B601CF46EA400EB487C /* ArticleList.storyboard */,
			);
			path = Storyboards;
			sourceTree = "<group>";
		};
		C21A8B621CF473C900EB487C /* TableViewCells */ = {
			isa = PBXGroup;
			children = (
				C21A8B631CF4745D00EB487C /* ArticleListCell.swift */,
			);
			path = TableViewCells;
			sourceTree = "<group>";
		};
		C21A8B651CF4751B00EB487C /* ViewControllers */ = {
			isa = PBXGroup;
			children = (
				C21A8B661CF4768C00EB487C /* ArticleListTableViewController.swift */,
			);
			path = ViewControllers;
			sourceTree = "<group>";
		};
		C21A8B681CF4771900EB487C /* Model */ = {
			isa = PBXGroup;
			children = (
				C24C81AB1CF5C56E00924574 /* ViewModel */,
				C21A8B721CF47BCB00EB487C /* Endpoint */,
				C21A8B691CF4786500EB487C /* Entity */,
			);
			path = Model;
			sourceTree = "<group>";
		};
		C21A8B691CF4786500EB487C /* Entity */ = {
			isa = PBXGroup;
			children = (
				C21A8B6A1CF4788C00EB487C /* ArticleModel.swift */,
				C21A8B6C1CF478F300EB487C /* TagModel.swift */,
				C21A8B6E1CF4797F00EB487C /* UserModel.swift */,
				C21A8B701CF47AB200EB487C /* ArticleListModel.swift */,
			);
			path = Entity;
			sourceTree = "<group>";
		};
		C21A8B721CF47BCB00EB487C /* Endpoint */ = {
			isa = PBXGroup;
			children = (
				C21A8B731CF47C5700EB487C /* QiitaEndpoint.swift */,
			);
			path = Endpoint;
			sourceTree = "<group>";
		};
		C24C81841CF5475D00924574 /* Resource */ = {
			isa = PBXGroup;
			children = (
				C24C81871CF54A1800924574 /* Secrets.plist */,
			);
			path = Resource;
			sourceTree = "<group>";
		};
		C24C81A61CF5C36800924574 /* State */ = {
			isa = PBXGroup;
			children = (
				C24C81A71CF5C38500924574 /* AppState.swift */,
				C24C81A91CF5C51400924574 /* HomeState.swift */,
			);
			path = State;
			sourceTree = "<group>";
		};
		C24C81AB1CF5C56E00924574 /* ViewModel */ = {
			isa = PBXGroup;
			children = (
				C24C81AC1CF5C5B800924574 /* ArticleVM.swift */,
			);
			path = ViewModel;
			sourceTree = "<group>";
		};
		C24C81AE1CF5CD5800924574 /* Reducer */ = {
			isa = PBXGroup;
			children = (
				C24C81AF1CF5CD8B00924574 /* HomeReducer.swift */,
			);
			path = Reducer;
			sourceTree = "<group>";
		};
		D52DB9078718A0F4ABB4817E /* Frameworks */ = {
			isa = PBXGroup;
			children = (
				A59E533B1594AB4994B4693D /* Pods.framework */,
			);
			name = Frameworks;
			sourceTree = "<group>";
		};
/* End PBXGroup section */

/* Begin PBXNativeTarget section */
		C21A8B261CF462AF00EB487C /* ReduxSwiftQiitaClient */ = {
			isa = PBXNativeTarget;
			buildConfigurationList = C21A8B4F1CF462AF00EB487C /* Build configuration list for PBXNativeTarget "ReduxSwiftQiitaClient" */;
			buildPhases = (
				C21A8B591CF46BE300EB487C /* ShellScript */,
				8D4948B4B7485A9779E201A3 /* Check Pods Manifest.lock */,
				C21A8B231CF462AF00EB487C /* Sources */,
				C21A8B241CF462AF00EB487C /* Frameworks */,
				C21A8B251CF462AF00EB487C /* Resources */,
				0EB3CD33AC58AD6EBC40CC5B /* Embed Pods Frameworks */,
				28D415FE92F747778027E0B5 /* Copy Pods Resources */,
			);
			buildRules = (
			);
			dependencies = (
			);
			name = ReduxSwiftQiitaClient;
			productName = ReduxSwiftQiitaClient;
			productReference = C21A8B271CF462AF00EB487C /* ReduxSwiftQiitaClient.app */;
			productType = "com.apple.product-type.application";
		};
		C21A8B3A1CF462AF00EB487C /* ReduxSwiftQiitaClientTests */ = {
			isa = PBXNativeTarget;
			buildConfigurationList = C21A8B521CF462AF00EB487C /* Build configuration list for PBXNativeTarget "ReduxSwiftQiitaClientTests" */;
			buildPhases = (
				C21A8B371CF462AF00EB487C /* Sources */,
				C21A8B381CF462AF00EB487C /* Frameworks */,
				C21A8B391CF462AF00EB487C /* Resources */,
			);
			buildRules = (
			);
			dependencies = (
				C21A8B3D1CF462AF00EB487C /* PBXTargetDependency */,
			);
			name = ReduxSwiftQiitaClientTests;
			productName = ReduxSwiftQiitaClientTests;
			productReference = C21A8B3B1CF462AF00EB487C /* ReduxSwiftQiitaClientTests.xctest */;
			productType = "com.apple.product-type.bundle.unit-test";
		};
		C21A8B451CF462AF00EB487C /* ReduxSwiftQiitaClientUITests */ = {
			isa = PBXNativeTarget;
			buildConfigurationList = C21A8B551CF462AF00EB487C /* Build configuration list for PBXNativeTarget "ReduxSwiftQiitaClientUITests" */;
			buildPhases = (
				C21A8B421CF462AF00EB487C /* Sources */,
				C21A8B431CF462AF00EB487C /* Frameworks */,
				C21A8B441CF462AF00EB487C /* Resources */,
			);
			buildRules = (
			);
			dependencies = (
				C21A8B481CF462AF00EB487C /* PBXTargetDependency */,
			);
			name = ReduxSwiftQiitaClientUITests;
			productName = ReduxSwiftQiitaClientUITests;
			productReference = C21A8B461CF462AF00EB487C /* ReduxSwiftQiitaClientUITests.xctest */;
			productType = "com.apple.product-type.bundle.ui-testing";
		};
/* End PBXNativeTarget section */

/* Begin PBXProject section */
		C21A8B1F1CF462AF00EB487C /* Project object */ = {
			isa = PBXProject;
			attributes = {
				LastSwiftUpdateCheck = 0730;
				LastUpgradeCheck = 0730;
				ORGANIZATIONNAME = hachinobu;
				TargetAttributes = {
					C21A8B261CF462AF00EB487C = {
						CreatedOnToolsVersion = 7.3.1;
					};
					C21A8B3A1CF462AF00EB487C = {
						CreatedOnToolsVersion = 7.3.1;
						TestTargetID = C21A8B261CF462AF00EB487C;
					};
					C21A8B451CF462AF00EB487C = {
						CreatedOnToolsVersion = 7.3.1;
						TestTargetID = C21A8B261CF462AF00EB487C;
					};
				};
			};
			buildConfigurationList = C21A8B221CF462AF00EB487C /* Build configuration list for PBXProject "ReduxSwiftQiitaClient" */;
			compatibilityVersion = "Xcode 3.2";
			developmentRegion = English;
			hasScannedForEncodings = 0;
			knownRegions = (
				en,
				Base,
			);
			mainGroup = C21A8B1E1CF462AF00EB487C;
			productRefGroup = C21A8B281CF462AF00EB487C /* Products */;
			projectDirPath = "";
			projectRoot = "";
			targets = (
				C21A8B261CF462AF00EB487C /* ReduxSwiftQiitaClient */,
				C21A8B3A1CF462AF00EB487C /* ReduxSwiftQiitaClientTests */,
				C21A8B451CF462AF00EB487C /* ReduxSwiftQiitaClientUITests */,
			);
		};
/* End PBXProject section */

/* Begin PBXResourcesBuildPhase section */
		C21A8B251CF462AF00EB487C /* Resources */ = {
			isa = PBXResourcesBuildPhase;
			buildActionMask = 2147483647;
			files = (
				C24C81881CF54A1800924574 /* Secrets.plist in Resources */,
				C21A8B351CF462AF00EB487C /* LaunchScreen.storyboard in Resources */,
				C21A8B611CF46EA400EB487C /* ArticleList.storyboard in Resources */,
				C21A8B321CF462AF00EB487C /* Assets.xcassets in Resources */,
			);
			runOnlyForDeploymentPostprocessing = 0;
		};
		C21A8B391CF462AF00EB487C /* Resources */ = {
			isa = PBXResourcesBuildPhase;
			buildActionMask = 2147483647;
			files = (
			);
			runOnlyForDeploymentPostprocessing = 0;
		};
		C21A8B441CF462AF00EB487C /* Resources */ = {
			isa = PBXResourcesBuildPhase;
			buildActionMask = 2147483647;
			files = (
			);
			runOnlyForDeploymentPostprocessing = 0;
		};
/* End PBXResourcesBuildPhase section */

/* Begin PBXShellScriptBuildPhase section */
		0EB3CD33AC58AD6EBC40CC5B /* Embed Pods Frameworks */ = {
			isa = PBXShellScriptBuildPhase;
			buildActionMask = 2147483647;
			files = (
			);
			inputPaths = (
			);
			name = "Embed Pods Frameworks";
			outputPaths = (
			);
			runOnlyForDeploymentPostprocessing = 0;
			shellPath = /bin/sh;
			shellScript = "\"${SRCROOT}/Pods/Target Support Files/Pods/Pods-frameworks.sh\"\n";
			showEnvVarsInLog = 0;
		};
		28D415FE92F747778027E0B5 /* Copy Pods Resources */ = {
			isa = PBXShellScriptBuildPhase;
			buildActionMask = 2147483647;
			files = (
			);
			inputPaths = (
			);
			name = "Copy Pods Resources";
			outputPaths = (
			);
			runOnlyForDeploymentPostprocessing = 0;
			shellPath = /bin/sh;
			shellScript = "\"${SRCROOT}/Pods/Target Support Files/Pods/Pods-resources.sh\"\n";
			showEnvVarsInLog = 0;
		};
		8D4948B4B7485A9779E201A3 /* Check Pods Manifest.lock */ = {
			isa = PBXShellScriptBuildPhase;
			buildActionMask = 2147483647;
			files = (
			);
			inputPaths = (
			);
			name = "Check Pods Manifest.lock";
			outputPaths = (
			);
			runOnlyForDeploymentPostprocessing = 0;
			shellPath = /bin/sh;
			shellScript = "diff \"${PODS_ROOT}/../Podfile.lock\" \"${PODS_ROOT}/Manifest.lock\" > /dev/null\nif [[ $? != 0 ]] ; then\n    cat << EOM\nerror: The sandbox is not in sync with the Podfile.lock. Run 'pod install' or update your CocoaPods installation.\nEOM\n    exit 1\nfi\n";
			showEnvVarsInLog = 0;
		};
		C21A8B591CF46BE300EB487C /* ShellScript */ = {
			isa = PBXShellScriptBuildPhase;
			buildActionMask = 2147483647;
			files = (
			);
			inputPaths = (
			);
			outputPaths = (
			);
			runOnlyForDeploymentPostprocessing = 0;
			shellPath = /bin/sh;
			shellScript = "\"$PODS_ROOT/R.swift/rswift\" \"$SRCROOT\"";
		};
/* End PBXShellScriptBuildPhase section */

/* Begin PBXSourcesBuildPhase section */
		C21A8B231CF462AF00EB487C /* Sources */ = {
			isa = PBXSourcesBuildPhase;
			buildActionMask = 2147483647;
			files = (
				C21A8B6D1CF478F300EB487C /* TagModel.swift in Sources */,
				C24C81A81CF5C38500924574 /* AppState.swift in Sources */,
				C21A8B6F1CF4797F00EB487C /* UserModel.swift in Sources */,
				C21A8B741CF47C5700EB487C /* QiitaEndpoint.swift in Sources */,
				C21A8B711CF47AB200EB487C /* ArticleListModel.swift in Sources */,
				C24C81AD1CF5C5B800924574 /* ArticleVM.swift in Sources */,
				C21A8B641CF4745D00EB487C /* ArticleListCell.swift in Sources */,
				C21A8B6B1CF4788C00EB487C /* ArticleModel.swift in Sources */,
				C24C81AA1CF5C51400924574 /* HomeState.swift in Sources */,
				C21A8B2B1CF462AF00EB487C /* AppDelegate.swift in Sources */,
				C24C81B01CF5CD8B00924574 /* HomeReducer.swift in Sources */,
				C21A8B671CF4768C00EB487C /* ArticleListTableViewController.swift in Sources */,
				C21A8B5E1CF46C7E00EB487C /* R.generated.swift in Sources */,
			);
			runOnlyForDeploymentPostprocessing = 0;
		};
		C21A8B371CF462AF00EB487C /* Sources */ = {
			isa = PBXSourcesBuildPhase;
			buildActionMask = 2147483647;
			files = (
				C21A8B401CF462AF00EB487C /* ReduxSwiftQiitaClientTests.swift in Sources */,
			);
			runOnlyForDeploymentPostprocessing = 0;
		};
		C21A8B421CF462AF00EB487C /* Sources */ = {
			isa = PBXSourcesBuildPhase;
			buildActionMask = 2147483647;
			files = (
				C21A8B4B1CF462AF00EB487C /* ReduxSwiftQiitaClientUITests.swift in Sources */,
			);
			runOnlyForDeploymentPostprocessing = 0;
		};
/* End PBXSourcesBuildPhase section */

/* Begin PBXTargetDependency section */
		C21A8B3D1CF462AF00EB487C /* PBXTargetDependency */ = {
			isa = PBXTargetDependency;
			target = C21A8B261CF462AF00EB487C /* ReduxSwiftQiitaClient */;
			targetProxy = C21A8B3C1CF462AF00EB487C /* PBXContainerItemProxy */;
		};
		C21A8B481CF462AF00EB487C /* PBXTargetDependency */ = {
			isa = PBXTargetDependency;
			target = C21A8B261CF462AF00EB487C /* ReduxSwiftQiitaClient */;
			targetProxy = C21A8B471CF462AF00EB487C /* PBXContainerItemProxy */;
		};
/* End PBXTargetDependency section */

/* Begin PBXVariantGroup section */
		C21A8B331CF462AF00EB487C /* LaunchScreen.storyboard */ = {
			isa = PBXVariantGroup;
			children = (
				C21A8B341CF462AF00EB487C /* Base */,
			);
			name = LaunchScreen.storyboard;
			sourceTree = "<group>";
		};
/* End PBXVariantGroup section */

/* Begin XCBuildConfiguration section */
		C21A8B4D1CF462AF00EB487C /* Debug */ = {
			isa = XCBuildConfiguration;
			buildSettings = {
				ALWAYS_SEARCH_USER_PATHS = NO;
				CLANG_ANALYZER_NONNULL = YES;
				CLANG_CXX_LANGUAGE_STANDARD = "gnu++0x";
				CLANG_CXX_LIBRARY = "libc++";
				CLANG_ENABLE_MODULES = YES;
				CLANG_ENABLE_OBJC_ARC = YES;
				CLANG_WARN_BOOL_CONVERSION = YES;
				CLANG_WARN_CONSTANT_CONVERSION = YES;
				CLANG_WARN_DIRECT_OBJC_ISA_USAGE = YES_ERROR;
				CLANG_WARN_EMPTY_BODY = YES;
				CLANG_WARN_ENUM_CONVERSION = YES;
				CLANG_WARN_INT_CONVERSION = YES;
				CLANG_WARN_OBJC_ROOT_CLASS = YES_ERROR;
				CLANG_WARN_UNREACHABLE_CODE = YES;
				CLANG_WARN__DUPLICATE_METHOD_MATCH = YES;
				"CODE_SIGN_IDENTITY[sdk=iphoneos*]" = "iPhone Developer";
				COPY_PHASE_STRIP = NO;
				DEBUG_INFORMATION_FORMAT = dwarf;
				ENABLE_STRICT_OBJC_MSGSEND = YES;
				ENABLE_TESTABILITY = YES;
				GCC_C_LANGUAGE_STANDARD = gnu99;
				GCC_DYNAMIC_NO_PIC = NO;
				GCC_NO_COMMON_BLOCKS = YES;
				GCC_OPTIMIZATION_LEVEL = 0;
				GCC_PREPROCESSOR_DEFINITIONS = (
					"DEBUG=1",
					"$(inherited)",
				);
				GCC_WARN_64_TO_32_BIT_CONVERSION = YES;
				GCC_WARN_ABOUT_RETURN_TYPE = YES_ERROR;
				GCC_WARN_UNDECLARED_SELECTOR = YES;
				GCC_WARN_UNINITIALIZED_AUTOS = YES_AGGRESSIVE;
				GCC_WARN_UNUSED_FUNCTION = YES;
				GCC_WARN_UNUSED_VARIABLE = YES;
				IPHONEOS_DEPLOYMENT_TARGET = 9.3;
				MTL_ENABLE_DEBUG_INFO = YES;
				ONLY_ACTIVE_ARCH = YES;
				SDKROOT = iphoneos;
				SWIFT_OPTIMIZATION_LEVEL = "-Onone";
				TARGETED_DEVICE_FAMILY = "1,2";
			};
			name = Debug;
		};
		C21A8B4E1CF462AF00EB487C /* Release */ = {
			isa = XCBuildConfiguration;
			buildSettings = {
				ALWAYS_SEARCH_USER_PATHS = NO;
				CLANG_ANALYZER_NONNULL = YES;
				CLANG_CXX_LANGUAGE_STANDARD = "gnu++0x";
				CLANG_CXX_LIBRARY = "libc++";
				CLANG_ENABLE_MODULES = YES;
				CLANG_ENABLE_OBJC_ARC = YES;
				CLANG_WARN_BOOL_CONVERSION = YES;
				CLANG_WARN_CONSTANT_CONVERSION = YES;
				CLANG_WARN_DIRECT_OBJC_ISA_USAGE = YES_ERROR;
				CLANG_WARN_EMPTY_BODY = YES;
				CLANG_WARN_ENUM_CONVERSION = YES;
				CLANG_WARN_INT_CONVERSION = YES;
				CLANG_WARN_OBJC_ROOT_CLASS = YES_ERROR;
				CLANG_WARN_UNREACHABLE_CODE = YES;
				CLANG_WARN__DUPLICATE_METHOD_MATCH = YES;
				"CODE_SIGN_IDENTITY[sdk=iphoneos*]" = "iPhone Developer";
				COPY_PHASE_STRIP = NO;
				DEBUG_INFORMATION_FORMAT = "dwarf-with-dsym";
				ENABLE_NS_ASSERTIONS = NO;
				ENABLE_STRICT_OBJC_MSGSEND = YES;
				GCC_C_LANGUAGE_STANDARD = gnu99;
				GCC_NO_COMMON_BLOCKS = YES;
				GCC_WARN_64_TO_32_BIT_CONVERSION = YES;
				GCC_WARN_ABOUT_RETURN_TYPE = YES_ERROR;
				GCC_WARN_UNDECLARED_SELECTOR = YES;
				GCC_WARN_UNINITIALIZED_AUTOS = YES_AGGRESSIVE;
				GCC_WARN_UNUSED_FUNCTION = YES;
				GCC_WARN_UNUSED_VARIABLE = YES;
				IPHONEOS_DEPLOYMENT_TARGET = 9.3;
				MTL_ENABLE_DEBUG_INFO = NO;
				SDKROOT = iphoneos;
				TARGETED_DEVICE_FAMILY = "1,2";
				VALIDATE_PRODUCT = YES;
			};
			name = Release;
		};
		C21A8B501CF462AF00EB487C /* Debug */ = {
			isa = XCBuildConfiguration;
			baseConfigurationReference = 6BD54AEBE8A2F0F45AFDFD8A /* Pods.debug.xcconfig */;
			buildSettings = {
				ASSETCATALOG_COMPILER_APPICON_NAME = AppIcon;
				INFOPLIST_FILE = ReduxSwiftQiitaClient/Info.plist;
				LD_RUNPATH_SEARCH_PATHS = "$(inherited) @executable_path/Frameworks";
				PRODUCT_BUNDLE_IDENTIFIER = com.hachinobu.ReduxSwiftQiitaClient;
				PRODUCT_NAME = "$(TARGET_NAME)";
			};
			name = Debug;
		};
		C21A8B511CF462AF00EB487C /* Release */ = {
			isa = XCBuildConfiguration;
			baseConfigurationReference = 3BA36762FB2E4CBBE9ED51A5 /* Pods.release.xcconfig */;
			buildSettings = {
				ASSETCATALOG_COMPILER_APPICON_NAME = AppIcon;
				INFOPLIST_FILE = ReduxSwiftQiitaClient/Info.plist;
				LD_RUNPATH_SEARCH_PATHS = "$(inherited) @executable_path/Frameworks";
				PRODUCT_BUNDLE_IDENTIFIER = com.hachinobu.ReduxSwiftQiitaClient;
				PRODUCT_NAME = "$(TARGET_NAME)";
			};
			name = Release;
		};
		C21A8B531CF462AF00EB487C /* Debug */ = {
			isa = XCBuildConfiguration;
			buildSettings = {
				BUNDLE_LOADER = "$(TEST_HOST)";
				INFOPLIST_FILE = ReduxSwiftQiitaClientTests/Info.plist;
				LD_RUNPATH_SEARCH_PATHS = "$(inherited) @executable_path/Frameworks @loader_path/Frameworks";
				PRODUCT_BUNDLE_IDENTIFIER = com.hachinobu.ReduxSwiftQiitaClientTests;
				PRODUCT_NAME = "$(TARGET_NAME)";
				TEST_HOST = "$(BUILT_PRODUCTS_DIR)/ReduxSwiftQiitaClient.app/ReduxSwiftQiitaClient";
			};
			name = Debug;
		};
		C21A8B541CF462AF00EB487C /* Release */ = {
			isa = XCBuildConfiguration;
			buildSettings = {
				BUNDLE_LOADER = "$(TEST_HOST)";
				INFOPLIST_FILE = ReduxSwiftQiitaClientTests/Info.plist;
				LD_RUNPATH_SEARCH_PATHS = "$(inherited) @executable_path/Frameworks @loader_path/Frameworks";
				PRODUCT_BUNDLE_IDENTIFIER = com.hachinobu.ReduxSwiftQiitaClientTests;
				PRODUCT_NAME = "$(TARGET_NAME)";
				TEST_HOST = "$(BUILT_PRODUCTS_DIR)/ReduxSwiftQiitaClient.app/ReduxSwiftQiitaClient";
			};
			name = Release;
		};
		C21A8B561CF462AF00EB487C /* Debug */ = {
			isa = XCBuildConfiguration;
			buildSettings = {
				INFOPLIST_FILE = ReduxSwiftQiitaClientUITests/Info.plist;
				LD_RUNPATH_SEARCH_PATHS = "$(inherited) @executable_path/Frameworks @loader_path/Frameworks";
				PRODUCT_BUNDLE_IDENTIFIER = com.hachinobu.ReduxSwiftQiitaClientUITests;
				PRODUCT_NAME = "$(TARGET_NAME)";
				TEST_TARGET_NAME = ReduxSwiftQiitaClient;
			};
			name = Debug;
		};
		C21A8B571CF462AF00EB487C /* Release */ = {
			isa = XCBuildConfiguration;
			buildSettings = {
				INFOPLIST_FILE = ReduxSwiftQiitaClientUITests/Info.plist;
				LD_RUNPATH_SEARCH_PATHS = "$(inherited) @executable_path/Frameworks @loader_path/Frameworks";
				PRODUCT_BUNDLE_IDENTIFIER = com.hachinobu.ReduxSwiftQiitaClientUITests;
				PRODUCT_NAME = "$(TARGET_NAME)";
				TEST_TARGET_NAME = ReduxSwiftQiitaClient;
			};
			name = Release;
		};
/* End XCBuildConfiguration section */

/* Begin XCConfigurationList section */
		C21A8B221CF462AF00EB487C /* Build configuration list for PBXProject "ReduxSwiftQiitaClient" */ = {
			isa = XCConfigurationList;
			buildConfigurations = (
				C21A8B4D1CF462AF00EB487C /* Debug */,
				C21A8B4E1CF462AF00EB487C /* Release */,
			);
			defaultConfigurationIsVisible = 0;
			defaultConfigurationName = Release;
		};
		C21A8B4F1CF462AF00EB487C /* Build configuration list for PBXNativeTarget "ReduxSwiftQiitaClient" */ = {
			isa = XCConfigurationList;
			buildConfigurations = (
				C21A8B501CF462AF00EB487C /* Debug */,
				C21A8B511CF462AF00EB487C /* Release */,
			);
			defaultConfigurationIsVisible = 0;
			defaultConfigurationName = Release;
		};
		C21A8B521CF462AF00EB487C /* Build configuration list for PBXNativeTarget "ReduxSwiftQiitaClientTests" */ = {
			isa = XCConfigurationList;
			buildConfigurations = (
				C21A8B531CF462AF00EB487C /* Debug */,
				C21A8B541CF462AF00EB487C /* Release */,
			);
			defaultConfigurationIsVisible = 0;
			defaultConfigurationName = Release;
		};
		C21A8B551CF462AF00EB487C /* Build configuration list for PBXNativeTarget "ReduxSwiftQiitaClientUITests" */ = {
			isa = XCConfigurationList;
			buildConfigurations = (
				C21A8B561CF462AF00EB487C /* Debug */,
				C21A8B571CF462AF00EB487C /* Release */,
			);
			defaultConfigurationIsVisible = 0;
			defaultConfigurationName = Release;
		};
/* End XCConfigurationList section */
	};
	rootObject = C21A8B1F1CF462AF00EB487C /* Project object */;
}
