PODS:
  - APIKit (2.0.1):
    - Result (~> 2.0.0)
  - Kingfisher (2.4.1)
  - ObjectMapper (1.3.0)
  - R.swift (2.3.0):
    - R.swift.Library (~> 2.1.0)
  - R.swift.Library (2.1.0)
  - ReactKit (0.12.0):
    - SwiftTask (~> 4.0.0)
  - Result (2.0.0)
  - ReSwift (1.0.0)
  - SwiftTask (4.0.0)

DEPENDENCIES:
  - APIKit (~> 2.0.0)
  - Kingfisher (~> 2.4)
  - ObjectMapper (~> 1.3)
  - R.swift
  - ReactKit
  - ReSwift

SPEC CHECKSUMS:
  APIKit: 7b61788273235bab213477b22f1897872047da10
  Kingfisher: 41aed5b6c1ed8fa98cf6d75283ce89cf7890f517
  ObjectMapper: 4eb08a726e9791a93b2632049951b56a7c17e471
  R.swift: 38b2191a603c3d491a09baddfb4ccc7aa9be4d9d
  R.swift.Library: e5e077ed04f6867a95676af491650091b23518e9
  ReactKit: a2b705e8a8674b9cb38b8112c07891df87e8e62b
  Result: 9e75e1111c774c6ac594e14907b15057053a7959
  ReSwift: 2097946852b045bcc04182b63cdab9ab7fc35812
  SwiftTask: 724ff63fc8bd9b366d242696d4aff098f6de3c3a

PODFILE CHECKSUM: 0dd8fa5bb7bba9b9046eff31da126a16436a8e34

COCOAPODS: 1.1.0.rc.2
